
Microsoft Visual Studio Solution File, Format Version 12.00
# Visual Studio Version 17
VisualStudioVersion = 17.13.35931.197 d17.13
MinimumVisualStudioVersion = 10.0.40219.1
Project("{FAE04EC0-301F-11D3-BF4B-00C04F79EFBC}") = "MyVaccine.WebApi", "MyVaccine.WebApi\MyVaccine.WebApi.csproj", "{382DD3D9-5636-4096-9770-22FEAF0D5A89}"
EndProject
Global
	GlobalSection(SolutionConfigurationPlatforms) = preSolution
		Debug|Any CPU = Debug|Any CPU
		Release|Any CPU = Release|Any CPU
	EndGlobalSection
	GlobalSection(ProjectConfigurationPlatforms) = postSolution
		{382DD3D9-5636-4096-9770-22FEAF0D5A89}.Debug|Any CPU.ActiveCfg = Debug|Any CPU
		{382DD3D9-5636-4096-9770-22FEAF0D5A89}.Debug|Any CPU.Build.0 = Debug|Any CPU
		{382DD3D9-5636-4096-9770-22FEAF0D5A89}.Release|Any CPU.ActiveCfg = Release|Any CPU
		{382DD3D9-5636-4096-9770-22FEAF0D5A89}.Release|Any CPU.Build.0 = Release|Any CPU
	EndGlobalSection
	GlobalSection(SolutionProperties) = preSolution
		HideSolutionNode = FALSE
	EndGlobalSection
	GlobalSection(ExtensibilityGlobals) = postSolution
		SolutionGuid = {C1506002-E839-41A0-BEA4-AE2CD5D1DB03}
	EndGlobalSection
EndGlobal
